// !$*UTF8*$!
{
	archiveVersion = 1;
	classes = {
	};
	objectVersion = 55;
	objects = {

/* Begin PBXBuildFile section */
		88A6620A29A46217003EEF41 /* AppDelegate.swift in Sources */ = {isa = PBXBuildFile; fileRef = 88A6620929A46217003EEF41 /* AppDelegate.swift */; };
		88A6620E29A46217003EEF41 /* ViewController.swift in Sources */ = {isa = PBXBuildFile; fileRef = 88A6620D29A46217003EEF41 /* ViewController.swift */; };
		88A6621129A46217003EEF41 /* Main.storyboard in Resources */ = {isa = PBXBuildFile; fileRef = 88A6620F29A46217003EEF41 /* Main.storyboard */; };
		88A6621329A46218003EEF41 /* Assets.xcassets in Resources */ = {isa = PBXBuildFile; fileRef = 88A6621229A46218003EEF41 /* Assets.xcassets */; };
		88A6621629A46218003EEF41 /* LaunchScreen.storyboard in Resources */ = {isa = PBXBuildFile; fileRef = 88A6621429A46218003EEF41 /* LaunchScreen.storyboard */; };
		88A6621E29A462A9003EEF41 /* DBVC.swift in Sources */ = {isa = PBXBuildFile; fileRef = 88A6621D29A462A9003EEF41 /* DBVC.swift */; };
		88A6622029A4A7E6003EEF41 /* DBManager.swift in Sources */ = {isa = PBXBuildFile; fileRef = 88A6621F29A4A7E6003EEF41 /* DBManager.swift */; };
		88A6622329A4AC1E003EEF41 /* Person.swift in Sources */ = {isa = PBXBuildFile; fileRef = 88A6622229A4AC1E003EEF41 /* Person.swift */; };
		88A6622729A612C6003EEF41 /* Migration.swift in Sources */ = {isa = PBXBuildFile; fileRef = 88A6622629A612C6003EEF41 /* Migration.swift */; };
		88A6622929A7408E003EEF41 /* Book.swift in Sources */ = {isa = PBXBuildFile; fileRef = 88A6622829A7408E003EEF41 /* Book.swift */; };
		88B828A129B05BDD005F52A8 /* DBManager1.swift in Sources */ = {isa = PBXBuildFile; fileRef = 88B828A029B05BDD005F52A8 /* DBManager1.swift */; };
		88B828A329B078D7005F52A8 /* BookVC.swift in Sources */ = {isa = PBXBuildFile; fileRef = 88B828A229B078D7005F52A8 /* BookVC.swift */; };
		B6D6E05065660E85A8B3E91D /* Pods_SwiftFMDB.framework in Frameworks */ = {isa = PBXBuildFile; fileRef = 080402FC78435156DE820A60 /* Pods_SwiftFMDB.framework */; };
/* End PBXBuildFile section */

/* Begin PBXFileReference section */
		05BBF0D6805C00D9E31A1423 /* Pods-SwiftFMDB.debug.xcconfig */ = {isa = PBXFileReference; includeInIndex = 1; lastKnownFileType = text.xcconfig; name = "Pods-SwiftFMDB.debug.xcconfig"; path = "Target Support Files/Pods-SwiftFMDB/Pods-SwiftFMDB.debug.xcconfig"; sourceTree = "<group>"; };
		080402FC78435156DE820A60 /* Pods_SwiftFMDB.framework */ = {isa = PBXFileReference; explicitFileType = wrapper.framework; includeInIndex = 0; path = Pods_SwiftFMDB.framework; sourceTree = BUILT_PRODUCTS_DIR; };
		88A6620629A46217003EEF41 /* SwiftFMDB.app */ = {isa = PBXFileReference; explicitFileType = wrapper.application; includeInIndex = 0; path = SwiftFMDB.app; sourceTree = BUILT_PRODUCTS_DIR; };
		88A6620929A46217003EEF41 /* AppDelegate.swift */ = {isa = PBXFileReference; lastKnownFileType = sourcecode.swift; path = AppDelegate.swift; sourceTree = "<group>"; };
		88A6620D29A46217003EEF41 /* ViewController.swift */ = {isa = PBXFileReference; lastKnownFileType = sourcecode.swift; path = ViewController.swift; sourceTree = "<group>"; };
		88A6621029A46217003EEF41 /* Base */ = {isa = PBXFileReference; lastKnownFileType = file.storyboard; name = Base; path = Base.lproj/Main.storyboard; sourceTree = "<group>"; };
		88A6621229A46218003EEF41 /* Assets.xcassets */ = {isa = PBXFileReference; lastKnownFileType = folder.assetcatalog; path = Assets.xcassets; sourceTree = "<group>"; };
		88A6621529A46218003EEF41 /* Base */ = {isa = PBXFileReference; lastKnownFileType = file.storyboard; name = Base; path = Base.lproj/LaunchScreen.storyboard; sourceTree = "<group>"; };
		88A6621729A46218003EEF41 /* Info.plist */ = {isa = PBXFileReference; lastKnownFileType = text.plist.xml; path = Info.plist; sourceTree = "<group>"; };
		88A6621D29A462A9003EEF41 /* DBVC.swift */ = {isa = PBXFileReference; lastKnownFileType = sourcecode.swift; path = DBVC.swift; sourceTree = "<group>"; };
		88A6621F29A4A7E6003EEF41 /* DBManager.swift */ = {isa = PBXFileReference; lastKnownFileType = sourcecode.swift; path = DBManager.swift; sourceTree = "<group>"; };
		88A6622229A4AC1E003EEF41 /* Person.swift */ = {isa = PBXFileReference; lastKnownFileType = sourcecode.swift; path = Person.swift; sourceTree = "<group>"; };
		88A6622629A612C6003EEF41 /* Migration.swift */ = {isa = PBXFileReference; lastKnownFileType = sourcecode.swift; path = Migration.swift; sourceTree = "<group>"; };
		88A6622829A7408E003EEF41 /* Book.swift */ = {isa = PBXFileReference; lastKnownFileType = sourcecode.swift; path = Book.swift; sourceTree = "<group>"; };
		88B828A029B05BDD005F52A8 /* DBManager1.swift */ = {isa = PBXFileReference; lastKnownFileType = sourcecode.swift; path = DBManager1.swift; sourceTree = "<group>"; };
		88B828A229B078D7005F52A8 /* BookVC.swift */ = {isa = PBXFileReference; lastKnownFileType = sourcecode.swift; path = BookVC.swift; sourceTree = "<group>"; };
		DFF6863577E0436998D3FCEF /* Pods-SwiftFMDB.release.xcconfig */ = {isa = PBXFileReference; includeInIndex = 1; lastKnownFileType = text.xcconfig; name = "Pods-SwiftFMDB.release.xcconfig"; path = "Target Support Files/Pods-SwiftFMDB/Pods-SwiftFMDB.release.xcconfig"; sourceTree = "<group>"; };
/* End PBXFileReference section */

/* Begin PBXFrameworksBuildPhase section */
		88A6620329A46217003EEF41 /* Frameworks */ = {
			isa = PBXFrameworksBuildPhase;
			buildActionMask = 2147483647;
			files = (
				B6D6E05065660E85A8B3E91D /* Pods_SwiftFMDB.framework in Frameworks */,
			);
			runOnlyForDeploymentPostprocessing = 0;
		};
/* End PBXFrameworksBuildPhase section */

/* Begin PBXGroup section */
		67BEC36943CD7648D71F4796 /* Pods */ = {
			isa = PBXGroup;
			children = (
				05BBF0D6805C00D9E31A1423 /* Pods-SwiftFMDB.debug.xcconfig */,
				DFF6863577E0436998D3FCEF /* Pods-SwiftFMDB.release.xcconfig */,
			);
			path = Pods;
			sourceTree = "<group>";
		};
		6A6F0CD1149D98DB91B4F382 /* Frameworks */ = {
			isa = PBXGroup;
			children = (
				080402FC78435156DE820A60 /* Pods_SwiftFMDB.framework */,
			);
			name = Frameworks;
			sourceTree = "<group>";
		};
		88A661FD29A46217003EEF41 = {
			isa = PBXGroup;
			children = (
				88A6620829A46217003EEF41 /* SwiftFMDB */,
				88A6620729A46217003EEF41 /* Products */,
				67BEC36943CD7648D71F4796 /* Pods */,
				6A6F0CD1149D98DB91B4F382 /* Frameworks */,
			);
			sourceTree = "<group>";
		};
		88A6620729A46217003EEF41 /* Products */ = {
			isa = PBXGroup;
			children = (
				88A6620629A46217003EEF41 /* SwiftFMDB.app */,
			);
			name = Products;
			sourceTree = "<group>";
		};
		88A6620829A46217003EEF41 /* SwiftFMDB */ = {
			isa = PBXGroup;
			children = (
				88A6622129A4ABEF003EEF41 /* DB */,
				88A6620929A46217003EEF41 /* AppDelegate.swift */,
				88A6620D29A46217003EEF41 /* ViewController.swift */,
				88B828A229B078D7005F52A8 /* BookVC.swift */,
				88A6621D29A462A9003EEF41 /* DBVC.swift */,
				88A6620F29A46217003EEF41 /* Main.storyboard */,
				88A6621229A46218003EEF41 /* Assets.xcassets */,
				88A6621429A46218003EEF41 /* LaunchScreen.storyboard */,
				88A6621729A46218003EEF41 /* Info.plist */,
			);
			path = SwiftFMDB;
			sourceTree = "<group>";
		};
		88A6622129A4ABEF003EEF41 /* DB */ = {
			isa = PBXGroup;
			children = (
				88B828A029B05BDD005F52A8 /* DBManager1.swift */,
				88A6621F29A4A7E6003EEF41 /* DBManager.swift */,
				88A6622229A4AC1E003EEF41 /* Person.swift */,
				88A6622629A612C6003EEF41 /* Migration.swift */,
				88A6622829A7408E003EEF41 /* Book.swift */,
			);
			path = DB;
			sourceTree = "<group>";
		};
/* End PBXGroup section */

/* Begin PBXNativeTarget section */
		88A6620529A46217003EEF41 /* SwiftFMDB */ = {
			isa = PBXNativeTarget;
			buildConfigurationList = 88A6621A29A46218003EEF41 /* Build configuration list for PBXNativeTarget "SwiftFMDB" */;
			buildPhases = (
				F1A2DFC7B8592D2A31F5B179 /* [CP] Check Pods Manifest.lock */,
				88A6620229A46217003EEF41 /* Sources */,
				88A6620329A46217003EEF41 /* Frameworks */,
				88A6620429A46217003EEF41 /* Resources */,
				D9F2E9C6496329E425538203 /* [CP] Embed Pods Frameworks */,
			);
			buildRules = (
			);
			dependencies = (
			);
			name = SwiftFMDB;
			productName = SwiftFMDB;
			productReference = 88A6620629A46217003EEF41 /* SwiftFMDB.app */;
			productType = "com.apple.product-type.application";
		};
/* End PBXNativeTarget section */

/* Begin PBXProject section */
		88A661FE29A46217003EEF41 /* Project object */ = {
			isa = PBXProject;
			attributes = {
				BuildIndependentTargetsInParallel = 1;
				LastSwiftUpdateCheck = 1410;
				LastUpgradeCheck = 1410;
				TargetAttributes = {
					88A6620529A46217003EEF41 = {
						CreatedOnToolsVersion = 14.1;
					};
				};
			};
			buildConfigurationList = 88A6620129A46217003EEF41 /* Build configuration list for PBXProject "SwiftFMDB" */;
			compatibilityVersion = "Xcode 13.0";
			developmentRegion = en;
			hasScannedForEncodings = 0;
			knownRegions = (
				en,
				Base,
			);
			mainGroup = 88A661FD29A46217003EEF41;
			productRefGroup = 88A6620729A46217003EEF41 /* Products */;
			projectDirPath = "";
			projectRoot = "";
			targets = (
				88A6620529A46217003EEF41 /* SwiftFMDB */,
			);
		};
/* End PBXProject section */

/* Begin PBXResourcesBuildPhase section */
		88A6620429A46217003EEF41 /* Resources */ = {
			isa = PBXResourcesBuildPhase;
			buildActionMask = 2147483647;
			files = (
				88A6621629A46218003EEF41 /* LaunchScreen.storyboard in Resources */,
				88A6621329A46218003EEF41 /* Assets.xcassets in Resources */,
				88A6621129A46217003EEF41 /* Main.storyboard in Resources */,
			);
			runOnlyForDeploymentPostprocessing = 0;
		};
/* End PBXResourcesBuildPhase section */

/* Begin PBXShellScriptBuildPhase section */
		D9F2E9C6496329E425538203 /* [CP] Embed Pods Frameworks */ = {
			isa = PBXShellScriptBuildPhase;
			buildActionMask = 2147483647;
			files = (
			);
			inputFileListPaths = (
				"${PODS_ROOT}/Target Support Files/Pods-SwiftFMDB/Pods-SwiftFMDB-frameworks-${CONFIGURATION}-input-files.xcfilelist",
			);
			name = "[CP] Embed Pods Frameworks";
			outputFileListPaths = (
				"${PODS_ROOT}/Target Support Files/Pods-SwiftFMDB/Pods-SwiftFMDB-frameworks-${CONFIGURATION}-output-files.xcfilelist",
			);
			runOnlyForDeploymentPostprocessing = 0;
			shellPath = /bin/sh;
			shellScript = "\"${PODS_ROOT}/Target Support Files/Pods-SwiftFMDB/Pods-SwiftFMDB-frameworks.sh\"\n";
			showEnvVarsInLog = 0;
		};
		F1A2DFC7B8592D2A31F5B179 /* [CP] Check Pods Manifest.lock */ = {
			isa = PBXShellScriptBuildPhase;
			buildActionMask = 2147483647;
			files = (
			);
			inputFileListPaths = (
			);
			inputPaths = (
				"${PODS_PODFILE_DIR_PATH}/Podfile.lock",
				"${PODS_ROOT}/Manifest.lock",
			);
			name = "[CP] Check Pods Manifest.lock";
			outputFileListPaths = (
			);
			outputPaths = (
				"$(DERIVED_FILE_DIR)/Pods-SwiftFMDB-checkManifestLockResult.txt",
			);
			runOnlyForDeploymentPostprocessing = 0;
			shellPath = /bin/sh;
			shellScript = "diff \"${PODS_PODFILE_DIR_PATH}/Podfile.lock\" \"${PODS_ROOT}/Manifest.lock\" > /dev/null\nif [ $? != 0 ] ; then\n    # print error to STDERR\n    echo \"error: The sandbox is not in sync with the Podfile.lock. Run 'pod install' or update your CocoaPods installation.\" >&2\n    exit 1\nfi\n# This output is used by Xcode 'outputs' to avoid re-running this script phase.\necho \"SUCCESS\" > \"${SCRIPT_OUTPUT_FILE_0}\"\n";
			showEnvVarsInLog = 0;
		};
/* End PBXShellScriptBuildPhase section */

/* Begin PBXSourcesBuildPhase section */
		88A6620229A46217003EEF41 /* Sources */ = {
			isa = PBXSourcesBuildPhase;
			buildActionMask = 2147483647;
			files = (
				88A6622929A7408E003EEF41 /* Book.swift in Sources */,
				88A6622029A4A7E6003EEF41 /* DBManager.swift in Sources */,
				88A6621E29A462A9003EEF41 /* DBVC.swift in Sources */,
				88A6620E29A46217003EEF41 /* ViewController.swift in Sources */,
				88B828A329B078D7005F52A8 /* BookVC.swift in Sources */,
				88A6620A29A46217003EEF41 /* AppDelegate.swift in Sources */,
				88B828A129B05BDD005F52A8 /* DBManager1.swift in Sources */,
				88A6622729A612C6003EEF41 /* Migration.swift in Sources */,
				88A6622329A4AC1E003EEF41 /* Person.swift in Sources */,
			);
			runOnlyForDeploymentPostprocessing = 0;
		};
/* End PBXSourcesBuildPhase section */

/* Begin PBXVariantGroup section */
		88A6620F29A46217003EEF41 /* Main.storyboard */ = {
			isa = PBXVariantGroup;
			children = (
				88A6621029A46217003EEF41 /* Base */,
			);
			name = Main.storyboard;
			sourceTree = "<group>";
		};
		88A6621429A46218003EEF41 /* LaunchScreen.storyboard */ = {
			isa = PBXVariantGroup;
			children = (
				88A6621529A46218003EEF41 /* Base */,
			);
			name = LaunchScreen.storyboard;
			sourceTree = "<group>";
		};
/* End PBXVariantGroup section */

/* Begin XCBuildConfiguration section */
		88A6621829A46218003EEF41 /* Debug */ = {
			isa = XCBuildConfiguration;
			buildSettings = {
				ALWAYS_SEARCH_USER_PATHS = NO;
				CLANG_ANALYZER_NONNULL = YES;
				CLANG_ANALYZER_NUMBER_OBJECT_CONVERSION = YES_AGGRESSIVE;
				CLANG_CXX_LANGUAGE_STANDARD = "gnu++20";
				CLANG_ENABLE_MODULES = YES;
				CLANG_ENABLE_OBJC_ARC = YES;
				CLANG_ENABLE_OBJC_WEAK = YES;
				CLANG_WARN_BLOCK_CAPTURE_AUTORELEASING = YES;
				CLANG_WARN_BOOL_CONVERSION = YES;
				CLANG_WARN_COMMA = YES;
				CLANG_WARN_CONSTANT_CONVERSION = YES;
				CLANG_WARN_DEPRECATED_OBJC_IMPLEMENTATIONS = YES;
				CLANG_WARN_DIRECT_OBJC_ISA_USAGE = YES_ERROR;
				CLANG_WARN_DOCUMENTATION_COMMENTS = YES;
				CLANG_WARN_EMPTY_BODY = YES;
				CLANG_WARN_ENUM_CONVERSION = YES;
				CLANG_WARN_INFINITE_RECURSION = YES;
				CLANG_WARN_INT_CONVERSION = YES;
				CLANG_WARN_NON_LITERAL_NULL_CONVERSION = YES;
				CLANG_WARN_OBJC_IMPLICIT_RETAIN_SELF = YES;
				CLANG_WARN_OBJC_LITERAL_CONVERSION = YES;
				CLANG_WARN_OBJC_ROOT_CLASS = YES_ERROR;
				CLANG_WARN_QUOTED_INCLUDE_IN_FRAMEWORK_HEADER = YES;
				CLANG_WARN_RANGE_LOOP_ANALYSIS = YES;
				CLANG_WARN_STRICT_PROTOTYPES = YES;
				CLANG_WARN_SUSPICIOUS_MOVE = YES;
				CLANG_WARN_UNGUARDED_AVAILABILITY = YES_AGGRESSIVE;
				CLANG_WARN_UNREACHABLE_CODE = YES;
				CLANG_WARN__DUPLICATE_METHOD_MATCH = YES;
				COPY_PHASE_STRIP = NO;
				DEBUG_INFORMATION_FORMAT = dwarf;
				ENABLE_STRICT_OBJC_MSGSEND = YES;
				ENABLE_TESTABILITY = YES;
				GCC_C_LANGUAGE_STANDARD = gnu11;
				GCC_DYNAMIC_NO_PIC = NO;
				GCC_NO_COMMON_BLOCKS = YES;
				GCC_OPTIMIZATION_LEVEL = 0;
				GCC_PREPROCESSOR_DEFINITIONS = (
					"DEBUG=1",
					"$(inherited)",
				);
				GCC_WARN_64_TO_32_BIT_CONVERSION = YES;
				GCC_WARN_ABOUT_RETURN_TYPE = YES_ERROR;
				GCC_WARN_UNDECLARED_SELECTOR = YES;
				GCC_WARN_UNINITIALIZED_AUTOS = YES_AGGRESSIVE;
				GCC_WARN_UNUSED_FUNCTION = YES;
				GCC_WARN_UNUSED_VARIABLE = YES;
				IPHONEOS_DEPLOYMENT_TARGET = 15.0;
				MTL_ENABLE_DEBUG_INFO = INCLUDE_SOURCE;
				MTL_FAST_MATH = YES;
				ONLY_ACTIVE_ARCH = YES;
				SDKROOT = iphoneos;
				SWIFT_ACTIVE_COMPILATION_CONDITIONS = DEBUG;
				SWIFT_OPTIMIZATION_LEVEL = "-Onone";
			};
			name = Debug;
		};
		88A6621929A46218003EEF41 /* Release */ = {
			isa = XCBuildConfiguration;
			buildSettings = {
				ALWAYS_SEARCH_USER_PATHS = NO;
				CLANG_ANALYZER_NONNULL = YES;
				CLANG_ANALYZER_NUMBER_OBJECT_CONVERSION = YES_AGGRESSIVE;
				CLANG_CXX_LANGUAGE_STANDARD = "gnu++20";
				CLANG_ENABLE_MODULES = YES;
				CLANG_ENABLE_OBJC_ARC = YES;
				CLANG_ENABLE_OBJC_WEAK = YES;
				CLANG_WARN_BLOCK_CAPTURE_AUTORELEASING = YES;
				CLANG_WARN_BOOL_CONVERSION = YES;
				CLANG_WARN_COMMA = YES;
				CLANG_WARN_CONSTANT_CONVERSION = YES;
				CLANG_WARN_DEPRECATED_OBJC_IMPLEMENTATIONS = YES;
				CLANG_WARN_DIRECT_OBJC_ISA_USAGE = YES_ERROR;
				CLANG_WARN_DOCUMENTATION_COMMENTS = YES;
				CLANG_WARN_EMPTY_BODY = YES;
				CLANG_WARN_ENUM_CONVERSION = YES;
				CLANG_WARN_INFINITE_RECURSION = YES;
				CLANG_WARN_INT_CONVERSION = YES;
				CLANG_WARN_NON_LITERAL_NULL_CONVERSION = YES;
				CLANG_WARN_OBJC_IMPLICIT_RETAIN_SELF = YES;
				CLANG_WARN_OBJC_LITERAL_CONVERSION = YES;
				CLANG_WARN_OBJC_ROOT_CLASS = YES_ERROR;
				CLANG_WARN_QUOTED_INCLUDE_IN_FRAMEWORK_HEADER = YES;
				CLANG_WARN_RANGE_LOOP_ANALYSIS = YES;
				CLANG_WARN_STRICT_PROTOTYPES = YES;
				CLANG_WARN_SUSPICIOUS_MOVE = YES;
				CLANG_WARN_UNGUARDED_AVAILABILITY = YES_AGGRESSIVE;
				CLANG_WARN_UNREACHABLE_CODE = YES;
				CLANG_WARN__DUPLICATE_METHOD_MATCH = YES;
				COPY_PHASE_STRIP = NO;
				DEBUG_INFORMATION_FORMAT = "dwarf-with-dsym";
				ENABLE_NS_ASSERTIONS = NO;
				ENABLE_STRICT_OBJC_MSGSEND = YES;
				GCC_C_LANGUAGE_STANDARD = gnu11;
				GCC_NO_COMMON_BLOCKS = YES;
				GCC_WARN_64_TO_32_BIT_CONVERSION = YES;
				GCC_WARN_ABOUT_RETURN_TYPE = YES_ERROR;
				GCC_WARN_UNDECLARED_SELECTOR = YES;
				GCC_WARN_UNINITIALIZED_AUTOS = YES_AGGRESSIVE;
				GCC_WARN_UNUSED_FUNCTION = YES;
				GCC_WARN_UNUSED_VARIABLE = YES;
				IPHONEOS_DEPLOYMENT_TARGET = 15.0;
				MTL_ENABLE_DEBUG_INFO = NO;
				MTL_FAST_MATH = YES;
				SDKROOT = iphoneos;
				SWIFT_COMPILATION_MODE = wholemodule;
				SWIFT_OPTIMIZATION_LEVEL = "-O";
				VALIDATE_PRODUCT = YES;
			};
			name = Release;
		};
		88A6621B29A46218003EEF41 /* Debug */ = {
			isa = XCBuildConfiguration;
			baseConfigurationReference = 05BBF0D6805C00D9E31A1423 /* Pods-SwiftFMDB.debug.xcconfig */;
			buildSettings = {
				ASSETCATALOG_COMPILER_APPICON_NAME = AppIcon;
				ASSETCATALOG_COMPILER_GLOBAL_ACCENT_COLOR_NAME = AccentColor;
				CODE_SIGN_STYLE = Automatic;
				CURRENT_PROJECT_VERSION = 1;
				DEVELOPMENT_TEAM = DQFEA2B5H2;
				GENERATE_INFOPLIST_FILE = YES;
				INFOPLIST_FILE = SwiftFMDB/Info.plist;
				INFOPLIST_KEY_UIApplicationSupportsIndirectInputEvents = YES;
				INFOPLIST_KEY_UILaunchStoryboardName = LaunchScreen;
				INFOPLIST_KEY_UIMainStoryboardFile = Main;
				INFOPLIST_KEY_UISupportedInterfaceOrientations_iPad = "UIInterfaceOrientationPortrait UIInterfaceOrientationPortraitUpsideDown UIInterfaceOrientationLandscapeLeft UIInterfaceOrientationLandscapeRight";
				INFOPLIST_KEY_UISupportedInterfaceOrientations_iPhone = "UIInterfaceOrientationPortrait UIInterfaceOrientationLandscapeLeft UIInterfaceOrientationLandscapeRight";
				IPHONEOS_DEPLOYMENT_TARGET = 15.0;
				LD_RUNPATH_SEARCH_PATHS = (
					"$(inherited)",
					"@executable_path/Frameworks",
				);
				MARKETING_VERSION = 1.0;
				PRODUCT_BUNDLE_IDENTIFIER = com.zhuyun.SwiftFMDB;
				PRODUCT_NAME = "$(TARGET_NAME)";
				SWIFT_EMIT_LOC_STRINGS = YES;
				SWIFT_VERSION = 5.0;
				TARGETED_DEVICE_FAMILY = "1,2";
			};
			name = Debug;
		};
		88A6621C29A46218003EEF41 /* Release */ = {
			isa = XCBuildConfiguration;
			baseConfigurationReference = DFF6863577E0436998D3FCEF /* Pods-SwiftFMDB.release.xcconfig */;
			buildSettings = {
				ASSETCATALOG_COMPILER_APPICON_NAME = AppIcon;
				ASSETCATALOG_COMPILER_GLOBAL_ACCENT_COLOR_NAME = AccentColor;
				CODE_SIGN_STYLE = Automatic;
				CURRENT_PROJECT_VERSION = 1;
				DEVELOPMENT_TEAM = DQFEA2B5H2;
				GENERATE_INFOPLIST_FILE = YES;
				INFOPLIST_FILE = SwiftFMDB/Info.plist;
				INFOPLIST_KEY_UIApplicationSupportsIndirectInputEvents = YES;
				INFOPLIST_KEY_UILaunchStoryboardName = LaunchScreen;
				INFOPLIST_KEY_UIMainStoryboardFile = Main;
				INFOPLIST_KEY_UISupportedInterfaceOrientations_iPad = "UIInterfaceOrientationPortrait UIInterfaceOrientationPortraitUpsideDown UIInterfaceOrientationLandscapeLeft UIInterfaceOrientationLandscapeRight";
				INFOPLIST_KEY_UISupportedInterfaceOrientations_iPhone = "UIInterfaceOrientationPortrait UIInterfaceOrientationLandscapeLeft UIInterfaceOrientationLandscapeRight";
				IPHONEOS_DEPLOYMENT_TARGET = 15.0;
				LD_RUNPATH_SEARCH_PATHS = (
					"$(inherited)",
					"@executable_path/Frameworks",
				);
				MARKETING_VERSION = 1.0;
				PRODUCT_BUNDLE_IDENTIFIER = com.zhuyun.SwiftFMDB;
				PRODUCT_NAME = "$(TARGET_NAME)";
				SWIFT_EMIT_LOC_STRINGS = YES;
				SWIFT_VERSION = 5.0;
				TARGETED_DEVICE_FAMILY = "1,2";
			};
			name = Release;
		};
/* End XCBuildConfiguration section */

/* Begin XCConfigurationList section */
		88A6620129A46217003EEF41 /* Build configuration list for PBXProject "SwiftFMDB" */ = {
			isa = XCConfigurationList;
			buildConfigurations = (
				88A6621829A46218003EEF41 /* Debug */,
				88A6621929A46218003EEF41 /* Release */,
			);
			defaultConfigurationIsVisible = 0;
			defaultConfigurationName = Release;
		};
		88A6621A29A46218003EEF41 /* Build configuration list for PBXNativeTarget "SwiftFMDB" */ = {
			isa = XCConfigurationList;
			buildConfigurations = (
				88A6621B29A46218003EEF41 /* Debug */,
				88A6621C29A46218003EEF41 /* Release */,
			);
			defaultConfigurationIsVisible = 0;
			defaultConfigurationName = Release;
		};
/* End XCConfigurationList section */
	};
	rootObject = 88A661FE29A46217003EEF41 /* Project object */;
}
